// !$*UTF8*$!
{
	archiveVersion = 1;
	classes = {
	};
	objectVersion = 56;
	objects = {

/* Begin PBXBuildFile section */
		A1000000000000000000B001 /* Shaft_iOSApp.swift in Sources */ = {isa = PBXBuildFile; fileRef = A1000000000000000000F001 /* Shaft_iOSApp.swift */; };
		A1000000000000000000B002 /* ContentView.swift in Sources */ = {isa = PBXBuildFile; fileRef = A1000000000000000000F002 /* ContentView.swift */; };
		A1000000000000000000B003 /* Assets.xcassets in Resources */ = {isa = PBXBuildFile; fileRef = A1000000000000000000F003 /* Assets.xcassets */; };
		A1000000000000000000B004 /* Preview Assets.xcassets in Resources */ = {isa = PBXBuildFile; fileRef = A1000000000000000000F004 /* Preview Assets.xcassets */; };
		A1000000000000000000B005 /* KeychainTokenStore.swift in Sources */ = {isa = PBXBuildFile; fileRef = A1000000000000000000F005 /* KeychainTokenStore.swift */; };
		A1000000000000000000B006 /* LoginView.swift in Sources */ = {isa = PBXBuildFile; fileRef = A1000000000000000000F006 /* LoginView.swift */; };
		A1000000000000000000B007 /* PixivOAuthConfig.swift in Sources */ = {isa = PBXBuildFile; fileRef = A1000000000000000000F007 /* PixivOAuthConfig.swift */; };
		A1000000000000000000B008 /* PkceUtil.swift in Sources */ = {isa = PBXBuildFile; fileRef = A1000000000000000000F008 /* PkceUtil.swift */; };
		A1000000000000000000B009 /* PixivOAuthResponse.swift in Sources */ = {isa = PBXBuildFile; fileRef = A1000000000000000000F009 /* PixivOAuthResponse.swift */; };
		A1000000000000000000B010 /* PixivOAuthClient.swift in Sources */ = {isa = PBXBuildFile; fileRef = A1000000000000000000F010 /* PixivOAuthClient.swift */; };
		A1000000000000000000B011 /* PixivLoginSession.swift in Sources */ = {isa = PBXBuildFile; fileRef = A1000000000000000000F011 /* PixivLoginSession.swift */; };
		A1000000000000000000B012 /* AppLocales.swift in Sources */ = {isa = PBXBuildFile; fileRef = A1000000000000000000F012 /* AppLocales.swift */; };
		A1000000000000000000B013 /* OnboardingStore.swift in Sources */ = {isa = PBXBuildFile; fileRef = A1000000000000000000F013 /* OnboardingStore.swift */; };
		A1000000000000000000B014 /* TunnelBackgroundView.swift in Sources */ = {isa = PBXBuildFile; fileRef = A1000000000000000000F014 /* TunnelBackgroundView.swift */; };
		A1000000000000000000B015 /* LanguageOnboardingView.swift in Sources */ = {isa = PBXBuildFile; fileRef = A1000000000000000000F015 /* LanguageOnboardingView.swift */; };
		A1000000000000000000B016 /* HomeView.swift in Sources */ = {isa = PBXBuildFile; fileRef = A1000000000000000000F016 /* HomeView.swift */; };
		A1000000000000000000B017 /* PagerTabBar.swift in Sources */ = {isa = PBXBuildFile; fileRef = A1000000000000000000F017 /* PagerTabBar.swift */; };
		A1000000000000000000B018 /* RecommendView.swift in Sources */ = {isa = PBXBuildFile; fileRef = A1000000000000000000F018 /* RecommendView.swift */; };
		A1000000000000000000B019 /* PixivModels.swift in Sources */ = {isa = PBXBuildFile; fileRef = A1000000000000000000F019 /* PixivModels.swift */; };
		A1000000000000000000B020 /* PixivAPI.swift in Sources */ = {isa = PBXBuildFile; fileRef = A1000000000000000000F020 /* PixivAPI.swift */; };
		A1000000000000000000B021 /* AuthTokenProvider.swift in Sources */ = {isa = PBXBuildFile; fileRef = A1000000000000000000F021 /* AuthTokenProvider.swift */; };
		A1000000000000000000B022 /* PixivAsyncImage.swift in Sources */ = {isa = PBXBuildFile; fileRef = A1000000000000000000F022 /* PixivAsyncImage.swift */; };
		A1000000000000000000B102 /* PixivClientIdentity.swift in Sources */ = {isa = PBXBuildFile; fileRef = A1000000000000000000F102 /* PixivClientIdentity.swift */; };
		A1000000000000000000B105 /* DirectConnection.swift in Sources */ = {isa = PBXBuildFile; fileRef = A1000000000000000000F105 /* DirectConnection.swift */; };
		A1000000000000000000B106 /* QPACK.swift in Sources */ = {isa = PBXBuildFile; fileRef = A1000000000000000000F106 /* QPACK.swift */; };
		A1000000000000000000B107 /* Http3Client.swift in Sources */ = {isa = PBXBuildFile; fileRef = A1000000000000000000F107 /* Http3Client.swift */; };
		A1000000000000000000B108 /* SkeletonView.swift in Sources */ = {isa = PBXBuildFile; fileRef = A1000000000000000000F108 /* SkeletonView.swift */; };
		A1000000000000000000B109 /* WatchLaterStore.swift in Sources */ = {isa = PBXBuildFile; fileRef = A1000000000000000000F109 /* WatchLaterStore.swift */; };
		A1000000000000000000B110 /* WatchLaterView.swift in Sources */ = {isa = PBXBuildFile; fileRef = A1000000000000000000F110 /* WatchLaterView.swift */; };
		A1000000000000000000B111 /* ShaftApiV2.swift in Sources */ = {isa = PBXBuildFile; fileRef = A1000000000000000000F111 /* ShaftApiV2.swift */; };
		A1000000000000000000B112 /* ShaftEventReporter.swift in Sources */ = {isa = PBXBuildFile; fileRef = A1000000000000000000F112 /* ShaftEventReporter.swift */; };
		A1000000000000000000B113 /* SensitiveContentGate.swift in Sources */ = {isa = PBXBuildFile; fileRef = A1000000000000000000F113 /* SensitiveContentGate.swift */; };
		A1000000000000000000B114 /* TrendingFeedView.swift in Sources */ = {isa = PBXBuildFile; fileRef = A1000000000000000000F114 /* TrendingFeedView.swift */; };
		A1000000000000000000B115 /* EventHistoryView.swift in Sources */ = {isa = PBXBuildFile; fileRef = A1000000000000000000F115 /* EventHistoryView.swift */; };
		A1000000000000000000B116 /* BorrowedSearch.swift in Sources */ = {isa = PBXBuildFile; fileRef = A1000000000000000000F116 /* BorrowedSearch.swift */; };
		A1000000000000000000B023 /* PlaceholderView.swift in Sources */ = {isa = PBXBuildFile; fileRef = A1000000000000000000F023 /* PlaceholderView.swift */; };
		A1000000000000000000B024 /* LocalizedKey.swift in Sources */ = {isa = PBXBuildFile; fileRef = A1000000000000000000F024 /* LocalizedKey.swift */; };
		A1000000000000000000B025 /* LocalizedStrings.swift in Sources */ = {isa = PBXBuildFile; fileRef = A1000000000000000000F025 /* LocalizedStrings.swift */; };
		A1000000000000000000B026 /* WaterfallGrid.swift in Sources */ = {isa = PBXBuildFile; fileRef = A1000000000000000000F026 /* WaterfallGrid.swift */; };
		A1000000000000000000B027 /* IllustWaterfallList.swift in Sources */ = {isa = PBXBuildFile; fileRef = A1000000000000000000F027 /* IllustWaterfallList.swift */; };
		A1000000000000000000B028 /* AppRoute.swift in Sources */ = {isa = PBXBuildFile; fileRef = A1000000000000000000F028 /* AppRoute.swift */; };
		A1000000000000000000B029 /* RouteHost.swift in Sources */ = {isa = PBXBuildFile; fileRef = A1000000000000000000F029 /* RouteHost.swift */; };
		A1000000000000000000B030 /* IllustDetailView.swift in Sources */ = {isa = PBXBuildFile; fileRef = A1000000000000000000F030 /* IllustDetailView.swift */; };
		A1000000000000000000B801 /* IllustDetailChrome.swift in Sources */ = {isa = PBXBuildFile; fileRef = A1000000000000000000F801 /* IllustDetailChrome.swift */; };
		A1000000000000000000B101 /* ReportIllustView.swift in Sources */ = {isa = PBXBuildFile; fileRef = A1000000000000000000F101 /* ReportIllustView.swift */; };
		A1000000000000000000B031 /* NovelDetailView.swift in Sources */ = {isa = PBXBuildFile; fileRef = A1000000000000000000F031 /* NovelDetailView.swift */; };
		A1000000000000000000B032 /* UserProfileView.swift in Sources */ = {isa = PBXBuildFile; fileRef = A1000000000000000000F032 /* UserProfileView.swift */; };
		A1000000000000000000B901 /* UserProfileTabs.swift in Sources */ = {isa = PBXBuildFile; fileRef = A1000000000000000000F901 /* UserProfileTabs.swift */; };
		A1000000000000000000B902 /* UserProfileInfoTab.swift in Sources */ = {isa = PBXBuildFile; fileRef = A1000000000000000000F902 /* UserProfileInfoTab.swift */; };
		A1000000000000000000B903 /* UserTagSearchSheet.swift in Sources */ = {isa = PBXBuildFile; fileRef = A1000000000000000000F903 /* UserTagSearchSheet.swift */; };
		A1000000000000000000B904 /* UserJumpTools.swift in Sources */ = {isa = PBXBuildFile; fileRef = A1000000000000000000F904 /* UserJumpTools.swift */; };
		A1000000000000000000B905 /* RequestPlanViews.swift in Sources */ = {isa = PBXBuildFile; fileRef = A1000000000000000000F905 /* RequestPlanViews.swift */; };
		A1000000000000000000B033 /* CommentsView.swift in Sources */ = {isa = PBXBuildFile; fileRef = A1000000000000000000F033 /* CommentsView.swift */; };
		A1000000000000000000B034 /* UserListsViews.swift in Sources */ = {isa = PBXBuildFile; fileRef = A1000000000000000000F034 /* UserListsViews.swift */; };
		A1000000000000000000B035 /* SearchView.swift in Sources */ = {isa = PBXBuildFile; fileRef = A1000000000000000000F035 /* SearchView.swift */; };
		A1000000000000000000B103 /* PinnedTagsView.swift in Sources */ = {isa = PBXBuildFile; fileRef = A1000000000000000000F103 /* PinnedTagsView.swift */; };
		A1000000000000000000B036 /* RankingDetailView.swift in Sources */ = {isa = PBXBuildFile; fileRef = A1000000000000000000F036 /* RankingDetailView.swift */; };
		A1000000000000000000B037 /* DiscoverView.swift in Sources */ = {isa = PBXBuildFile; fileRef = A1000000000000000000F037 /* DiscoverView.swift */; };
		A1000000000000000000B038 /* WhatsNewView.swift in Sources */ = {isa = PBXBuildFile; fileRef = A1000000000000000000F038 /* WhatsNewView.swift */; };
		A1000000000000000000B118 /* CenterRecommendViews.swift in Sources */ = {isa = PBXBuildFile; fileRef = A1000000000000000000F118 /* CenterRecommendViews.swift */; };
		A1000000000000000000B039 /* MoreView.swift in Sources */ = {isa = PBXBuildFile; fileRef = A1000000000000000000F039 /* MoreView.swift */; };
		A1000000000000000000B040 /* SettingsView.swift in Sources */ = {isa = PBXBuildFile; fileRef = A1000000000000000000F040 /* SettingsView.swift */; };
		A1000000000000000000B041 /* AboutAndPlaceholders.swift in Sources */ = {isa = PBXBuildFile; fileRef = A1000000000000000000F041 /* AboutAndPlaceholders.swift */; };
		A1000000000000000000B042 /* ImageViewerView.swift in Sources */ = {isa = PBXBuildFile; fileRef = A1000000000000000000F042 /* ImageViewerView.swift */; };
		A1000000000000000000B043 /* NovelReaderView.swift in Sources */ = {isa = PBXBuildFile; fileRef = A1000000000000000000F043 /* NovelReaderView.swift */; };
		A1000000000000000000B044 /* HistoryStore.swift in Sources */ = {isa = PBXBuildFile; fileRef = A1000000000000000000F044 /* HistoryStore.swift */; };
		A1000000000000000000B045 /* HistoryView.swift in Sources */ = {isa = PBXBuildFile; fileRef = A1000000000000000000F045 /* HistoryView.swift */; };
		A1000000000000000000B046 /* RecommendUsersView.swift in Sources */ = {isa = PBXBuildFile; fileRef = A1000000000000000000F046 /* RecommendUsersView.swift */; };
		A1000000000000000000B047 /* LatestWorksView.swift in Sources */ = {isa = PBXBuildFile; fileRef = A1000000000000000000F047 /* LatestWorksView.swift */; };
		A1000000000000000000B117 /* DiscoverDestinations.swift in Sources */ = {isa = PBXBuildFile; fileRef = A1000000000000000000F117 /* DiscoverDestinations.swift */; };
		A1000000000000000000B048 /* WebArticleView.swift in Sources */ = {isa = PBXBuildFile; fileRef = A1000000000000000000F048 /* WebArticleView.swift */; };
		A1000000000000000000B067 /* ProgressRing.swift in Sources */ = {isa = PBXBuildFile; fileRef = A1000000000000000000F067 /* ProgressRing.swift */; };
		A1000000000000000000B0C1 /* BookmarkFeedback.swift in Sources */ = {isa = PBXBuildFile; fileRef = A1000000000000000000F0C1 /* BookmarkFeedback.swift */; };
		A1000000000000000000B068 /* InteractionStore.swift in Sources */ = {isa = PBXBuildFile; fileRef = A1000000000000000000F068 /* InteractionStore.swift */; };
		A1000000000000000000B069 /* AppFonts.swift in Sources */ = {isa = PBXBuildFile; fileRef = A1000000000000000000F069 /* AppFonts.swift */; };
		A1000000000000000000B070 /* montserrat_medium.ttf in Resources */ = {isa = PBXBuildFile; fileRef = A1000000000000000000F070 /* montserrat_medium.ttf */; };
		A1000000000000000000B071 /* montserrat_bold.ttf in Resources */ = {isa = PBXBuildFile; fileRef = A1000000000000000000F071 /* montserrat_bold.ttf */; };
		A1000000000000000000B072 /* montserrat_semi_bold.ttf in Resources */ = {isa = PBXBuildFile; fileRef = A1000000000000000000F072 /* montserrat_semi_bold.ttf */; };
		A1000000000000000000B073 /* ReaderCore.swift in Sources */ = {isa = PBXBuildFile; fileRef = A1000000000000000000F073 /* ReaderCore.swift */; };
		A1000000000000000000B074 /* ReaderSettings.swift in Sources */ = {isa = PBXBuildFile; fileRef = A1000000000000000000F074 /* ReaderSettings.swift */; };
		A1000000000000000000B075 /* ReaderPaginate.swift in Sources */ = {isa = PBXBuildFile; fileRef = A1000000000000000000F075 /* ReaderPaginate.swift */; };
		A1000000000000000000B076 /* ReaderData.swift in Sources */ = {isa = PBXBuildFile; fileRef = A1000000000000000000F076 /* ReaderData.swift */; };
		A1000000000000000000B077 /* ReaderRenderViews.swift in Sources */ = {isa = PBXBuildFile; fileRef = A1000000000000000000F077 /* ReaderRenderViews.swift */; };
		A1000000000000000000B078 /* ReaderPagedContainer.swift in Sources */ = {isa = PBXBuildFile; fileRef = A1000000000000000000F078 /* ReaderPagedContainer.swift */; };
		A1000000000000000000B079 /* ReaderScrollView.swift in Sources */ = {isa = PBXBuildFile; fileRef = A1000000000000000000F079 /* ReaderScrollView.swift */; };
		A1000000000000000000B080 /* ReaderChrome.swift in Sources */ = {isa = PBXBuildFile; fileRef = A1000000000000000000F080 /* ReaderChrome.swift */; };
		A1000000000000000000B081 /* ReaderSettingsPanel.swift in Sources */ = {isa = PBXBuildFile; fileRef = A1000000000000000000F081 /* ReaderSettingsPanel.swift */; };
		A1000000000000000000B082 /* ReaderSheets.swift in Sources */ = {isa = PBXBuildFile; fileRef = A1000000000000000000F082 /* ReaderSheets.swift */; };
		A1000000000000000000B083 /* ReaderExport.swift in Sources */ = {isa = PBXBuildFile; fileRef = A1000000000000000000F083 /* ReaderExport.swift */; };
		A1000000000000000000B084 /* NovelReaderV3ViewModel.swift in Sources */ = {isa = PBXBuildFile; fileRef = A1000000000000000000F084 /* NovelReaderV3ViewModel.swift */; };
		A1000000000000000000B085 /* NovelReaderV3View.swift in Sources */ = {isa = PBXBuildFile; fileRef = A1000000000000000000F085 /* NovelReaderV3View.swift */; };
		A1000000000000000000B086 /* ComicReaderSettings.swift in Sources */ = {isa = PBXBuildFile; fileRef = A1000000000000000000F086 /* ComicReaderSettings.swift */; };
		A1000000000000000000B087 /* ComicReaderStore.swift in Sources */ = {isa = PBXBuildFile; fileRef = A1000000000000000000F087 /* ComicReaderStore.swift */; };
		A1000000000000000000B088 /* ComicReaderViewModel.swift in Sources */ = {isa = PBXBuildFile; fileRef = A1000000000000000000F088 /* ComicReaderViewModel.swift */; };
		A1000000000000000000B089 /* ComicPagedContainer.swift in Sources */ = {isa = PBXBuildFile; fileRef = A1000000000000000000F089 /* ComicPagedContainer.swift */; };
		A1000000000000000000B090 /* ComicWebtoonContainer.swift in Sources */ = {isa = PBXBuildFile; fileRef = A1000000000000000000F090 /* ComicWebtoonContainer.swift */; };
		A1000000000000000000B091 /* ComicReaderView.swift in Sources */ = {isa = PBXBuildFile; fileRef = A1000000000000000000F091 /* ComicReaderView.swift */; };
		A1000000000000000000B092 /* ComicReaderSettingsSheet.swift in Sources */ = {isa = PBXBuildFile; fileRef = A1000000000000000000F092 /* ComicReaderSettingsSheet.swift */; };
		A1000000000000000000B093 /* ComicReaderSheets.swift in Sources */ = {isa = PBXBuildFile; fileRef = A1000000000000000000F093 /* ComicReaderSheets.swift */; };
		A1000000000000000000B094 /* DownloadManager.swift in Sources */ = {isa = PBXBuildFile; fileRef = A1000000000000000000F094 /* DownloadManager.swift */; };
		A1000000000000000000B095 /* UgoiraGIF.swift in Sources */ = {isa = PBXBuildFile; fileRef = A1000000000000000000F095 /* UgoiraGIF.swift */; };
		A1000000000000000000B096 /* DownloadManagerView.swift in Sources */ = {isa = PBXBuildFile; fileRef = A1000000000000000000F096 /* DownloadManagerView.swift */; };
		A1000000000000000000B097 /* BulkSelectView.swift in Sources */ = {isa = PBXBuildFile; fileRef = A1000000000000000000F097 /* BulkSelectView.swift */; };
		A1000000000000000000B098 /* SlideshowView.swift in Sources */ = {isa = PBXBuildFile; fileRef = A1000000000000000000F098 /* SlideshowView.swift */; };
		A1000000000000000000B099 /* PrimeTagsView.swift in Sources */ = {isa = PBXBuildFile; fileRef = A1000000000000000000F099 /* PrimeTagsView.swift */; };
		A1000000000000000000B100 /* pixiv_prime in Resources */ = {isa = PBXBuildFile; fileRef = A1000000000000000000F100 /* pixiv_prime */; };
		A1000000000000000000B049 /* MuteStore.swift in Sources */ = {isa = PBXBuildFile; fileRef = A1000000000000000000F049 /* MuteStore.swift */; };
		A1000000000000000000B050 /* MutedView.swift in Sources */ = {isa = PBXBuildFile; fileRef = A1000000000000000000F050 /* MutedView.swift */; };
		A1000000000000000000B051 /* SeriesViews.swift in Sources */ = {isa = PBXBuildFile; fileRef = A1000000000000000000F051 /* SeriesViews.swift */; };
		A1000000000000000000B052 /* BookmarkTagsSheet.swift in Sources */ = {isa = PBXBuildFile; fileRef = A1000000000000000000F052 /* BookmarkTagsSheet.swift */; };
		A1000000000000000000B053 /* SearchHistoryStore.swift in Sources */ = {isa = PBXBuildFile; fileRef = A1000000000000000000F053 /* SearchHistoryStore.swift */; };
		A1000000000000000000B054 /* UgoiraPlayer.swift in Sources */ = {isa = PBXBuildFile; fileRef = A1000000000000000000F054 /* UgoiraPlayer.swift */; };
		A1000000000000000000B055 /* UserSeriesListView.swift in Sources */ = {isa = PBXBuildFile; fileRef = A1000000000000000000F055 /* UserSeriesListView.swift */; };
		A1000000000000000000B056 /* SearchFilter.swift in Sources */ = {isa = PBXBuildFile; fileRef = A1000000000000000000F056 /* SearchFilter.swift */; };
		A1000000000000000000B057 /* SearchFilterSheet.swift in Sources */ = {isa = PBXBuildFile; fileRef = A1000000000000000000F057 /* SearchFilterSheet.swift */; };
		A1000000000000000000B058 /* Theme.swift in Sources */ = {isa = PBXBuildFile; fileRef = A1000000000000000000F058 /* Theme.swift */; };
		A1000000000000000000B104 /* SwipeBackEnabler.swift in Sources */ = {isa = PBXBuildFile; fileRef = A1000000000000000000F104 /* SwipeBackEnabler.swift */; };
		A1000000000000000000B059 /* NotificationsView.swift in Sources */ = {isa = PBXBuildFile; fileRef = A1000000000000000000F059 /* NotificationsView.swift */; };
		A1000000000000000000B060 /* WatchlistView.swift in Sources */ = {isa = PBXBuildFile; fileRef = A1000000000000000000F060 /* WatchlistView.swift */; };
		A1000000000000000000B061 /* NovelMarkersView.swift in Sources */ = {isa = PBXBuildFile; fileRef = A1000000000000000000F061 /* NovelMarkersView.swift */; };
		A1000000000000000000B062 /* TracedTunnel.metal in Sources */ = {isa = PBXBuildFile; fileRef = A1000000000000000000F062 /* TracedTunnel.metal */; };
		A1000000000000000000B063 /* tunnel-atlas.webp in Resources */ = {isa = PBXBuildFile; fileRef = A1000000000000000000F063 /* tunnel-atlas.webp */; };
		A1000000000000000000B064 /* tunnel-atlas-lq.webp in Resources */ = {isa = PBXBuildFile; fileRef = A1000000000000000000F064 /* tunnel-atlas-lq.webp */; };
		A1000000000000000000B065 /* AppSettingsStore.swift in Sources */ = {isa = PBXBuildFile; fileRef = A1000000000000000000F065 /* AppSettingsStore.swift */; };
		A1000000000000000000B066 /* ZoomImageView.swift in Sources */ = {isa = PBXBuildFile; fileRef = A1000000000000000000F066 /* ZoomImageView.swift */; };
		A1000000000000000000B906 /* ChatThreadId.swift in Sources */ = {isa = PBXBuildFile; fileRef = A1000000000000000000F906 /* ChatThreadId.swift */; };
		A1000000000000000000B907 /* ChatFrame.swift in Sources */ = {isa = PBXBuildFile; fileRef = A1000000000000000000F907 /* ChatFrame.swift */; };
		A1000000000000000000B908 /* ChatModels.swift in Sources */ = {isa = PBXBuildFile; fileRef = A1000000000000000000F908 /* ChatModels.swift */; };
		A1000000000000000000B909 /* ShaftChatAPI.swift in Sources */ = {isa = PBXBuildFile; fileRef = A1000000000000000000F909 /* ShaftChatAPI.swift */; };
		A1000000000000000000B910 /* ShaftChatGateway.swift in Sources */ = {isa = PBXBuildFile; fileRef = A1000000000000000000F910 /* ShaftChatGateway.swift */; };
		A1000000000000000000B911 /* ChatRoomListView.swift in Sources */ = {isa = PBXBuildFile; fileRef = A1000000000000000000F911 /* ChatRoomListView.swift */; };
		A1000000000000000000B912 /* ChatThreadView.swift in Sources */ = {isa = PBXBuildFile; fileRef = A1000000000000000000F912 /* ChatThreadView.swift */; };
/* End PBXBuildFile section */

/* Begin PBXFileReference section */
		A1000000000000000000A001 /* Shaft-iOS.app */ = {isa = PBXFileReference; explicitFileType = wrapper.application; includeInIndex = 0; path = "Shaft-iOS.app"; sourceTree = BUILT_PRODUCTS_DIR; };
		A1000000000000000000F001 /* Shaft_iOSApp.swift */ = {isa = PBXFileReference; lastKnownFileType = sourcecode.swift; path = Shaft_iOSApp.swift; sourceTree = "<group>"; };
		A1000000000000000000F002 /* ContentView.swift */ = {isa = PBXFileReference; lastKnownFileType = sourcecode.swift; path = ContentView.swift; sourceTree = "<group>"; };
		A1000000000000000000F003 /* Assets.xcassets */ = {isa = PBXFileReference; lastKnownFileType = folder.assetcatalog; path = Assets.xcassets; sourceTree = "<group>"; };
		A1000000000000000000F004 /* Preview Assets.xcassets */ = {isa = PBXFileReference; lastKnownFileType = folder.assetcatalog; path = "Preview Assets.xcassets"; sourceTree = "<group>"; };
		A1000000000000000000F005 /* KeychainTokenStore.swift */ = {isa = PBXFileReference; lastKnownFileType = sourcecode.swift; path = KeychainTokenStore.swift; sourceTree = "<group>"; };
		A1000000000000000000F006 /* LoginView.swift */ = {isa = PBXFileReference; lastKnownFileType = sourcecode.swift; path = LoginView.swift; sourceTree = "<group>"; };
		A1000000000000000000F007 /* PixivOAuthConfig.swift */ = {isa = PBXFileReference; lastKnownFileType = sourcecode.swift; path = PixivOAuthConfig.swift; sourceTree = "<group>"; };
		A1000000000000000000F008 /* PkceUtil.swift */ = {isa = PBXFileReference; lastKnownFileType = sourcecode.swift; path = PkceUtil.swift; sourceTree = "<group>"; };
		A1000000000000000000F009 /* PixivOAuthResponse.swift */ = {isa = PBXFileReference; lastKnownFileType = sourcecode.swift; path = PixivOAuthResponse.swift; sourceTree = "<group>"; };
		A1000000000000000000F010 /* PixivOAuthClient.swift */ = {isa = PBXFileReference; lastKnownFileType = sourcecode.swift; path = PixivOAuthClient.swift; sourceTree = "<group>"; };
		A1000000000000000000F011 /* PixivLoginSession.swift */ = {isa = PBXFileReference; lastKnownFileType = sourcecode.swift; path = PixivLoginSession.swift; sourceTree = "<group>"; };
		A1000000000000000000F012 /* AppLocales.swift */ = {isa = PBXFileReference; lastKnownFileType = sourcecode.swift; path = AppLocales.swift; sourceTree = "<group>"; };
		A1000000000000000000F013 /* OnboardingStore.swift */ = {isa = PBXFileReference; lastKnownFileType = sourcecode.swift; path = OnboardingStore.swift; sourceTree = "<group>"; };
		A1000000000000000000F014 /* TunnelBackgroundView.swift */ = {isa = PBXFileReference; lastKnownFileType = sourcecode.swift; path = TunnelBackgroundView.swift; sourceTree = "<group>"; };
		A1000000000000000000F015 /* LanguageOnboardingView.swift */ = {isa = PBXFileReference; lastKnownFileType = sourcecode.swift; path = LanguageOnboardingView.swift; sourceTree = "<group>"; };
		A1000000000000000000F016 /* HomeView.swift */ = {isa = PBXFileReference; lastKnownFileType = sourcecode.swift; path = HomeView.swift; sourceTree = "<group>"; };
		A1000000000000000000F017 /* PagerTabBar.swift */ = {isa = PBXFileReference; lastKnownFileType = sourcecode.swift; path = PagerTabBar.swift; sourceTree = "<group>"; };
		A1000000000000000000F018 /* RecommendView.swift */ = {isa = PBXFileReference; lastKnownFileType = sourcecode.swift; path = RecommendView.swift; sourceTree = "<group>"; };
		A1000000000000000000F019 /* PixivModels.swift */ = {isa = PBXFileReference; lastKnownFileType = sourcecode.swift; path = PixivModels.swift; sourceTree = "<group>"; };
		A1000000000000000000F020 /* PixivAPI.swift */ = {isa = PBXFileReference; lastKnownFileType = sourcecode.swift; path = PixivAPI.swift; sourceTree = "<group>"; };
		A1000000000000000000F021 /* AuthTokenProvider.swift */ = {isa = PBXFileReference; lastKnownFileType = sourcecode.swift; path = AuthTokenProvider.swift; sourceTree = "<group>"; };
		A1000000000000000000F022 /* PixivAsyncImage.swift */ = {isa = PBXFileReference; lastKnownFileType = sourcecode.swift; path = PixivAsyncImage.swift; sourceTree = "<group>"; };
		A1000000000000000000F102 /* PixivClientIdentity.swift */ = {isa = PBXFileReference; lastKnownFileType = sourcecode.swift; path = PixivClientIdentity.swift; sourceTree = "<group>"; };
		A1000000000000000000F105 /* DirectConnection.swift */ = {isa = PBXFileReference; lastKnownFileType = sourcecode.swift; path = DirectConnection.swift; sourceTree = "<group>"; };
		A1000000000000000000F106 /* QPACK.swift */ = {isa = PBXFileReference; lastKnownFileType = sourcecode.swift; path = QPACK.swift; sourceTree = "<group>"; };
		A1000000000000000000F107 /* Http3Client.swift */ = {isa = PBXFileReference; lastKnownFileType = sourcecode.swift; path = Http3Client.swift; sourceTree = "<group>"; };
		A1000000000000000000F108 /* SkeletonView.swift */ = {isa = PBXFileReference; lastKnownFileType = sourcecode.swift; path = SkeletonView.swift; sourceTree = "<group>"; };
		A1000000000000000000F109 /* WatchLaterStore.swift */ = {isa = PBXFileReference; lastKnownFileType = sourcecode.swift; path = WatchLaterStore.swift; sourceTree = "<group>"; };
		A1000000000000000000F110 /* WatchLaterView.swift */ = {isa = PBXFileReference; lastKnownFileType = sourcecode.swift; path = WatchLaterView.swift; sourceTree = "<group>"; };
		A1000000000000000000F111 /* ShaftApiV2.swift */ = {isa = PBXFileReference; lastKnownFileType = sourcecode.swift; path = ShaftApiV2.swift; sourceTree = "<group>"; };
		A1000000000000000000F112 /* ShaftEventReporter.swift */ = {isa = PBXFileReference; lastKnownFileType = sourcecode.swift; path = ShaftEventReporter.swift; sourceTree = "<group>"; };
		A1000000000000000000F113 /* SensitiveContentGate.swift */ = {isa = PBXFileReference; lastKnownFileType = sourcecode.swift; path = SensitiveContentGate.swift; sourceTree = "<group>"; };
		A1000000000000000000F114 /* TrendingFeedView.swift */ = {isa = PBXFileReference; lastKnownFileType = sourcecode.swift; path = TrendingFeedView.swift; sourceTree = "<group>"; };
		A1000000000000000000F115 /* EventHistoryView.swift */ = {isa = PBXFileReference; lastKnownFileType = sourcecode.swift; path = EventHistoryView.swift; sourceTree = "<group>"; };
		A1000000000000000000F116 /* BorrowedSearch.swift */ = {isa = PBXFileReference; lastKnownFileType = sourcecode.swift; path = BorrowedSearch.swift; sourceTree = "<group>"; };
		A1000000000000000000F023 /* PlaceholderView.swift */ = {isa = PBXFileReference; lastKnownFileType = sourcecode.swift; path = PlaceholderView.swift; sourceTree = "<group>"; };
		A1000000000000000000F024 /* LocalizedKey.swift */ = {isa = PBXFileReference; lastKnownFileType = sourcecode.swift; path = LocalizedKey.swift; sourceTree = "<group>"; };
		A1000000000000000000F025 /* LocalizedStrings.swift */ = {isa = PBXFileReference; lastKnownFileType = sourcecode.swift; path = LocalizedStrings.swift; sourceTree = "<group>"; };
		A1000000000000000000F026 /* WaterfallGrid.swift */ = {isa = PBXFileReference; lastKnownFileType = sourcecode.swift; path = WaterfallGrid.swift; sourceTree = "<group>"; };
		A1000000000000000000F027 /* IllustWaterfallList.swift */ = {isa = PBXFileReference; lastKnownFileType = sourcecode.swift; path = IllustWaterfallList.swift; sourceTree = "<group>"; };
		A1000000000000000000F028 /* AppRoute.swift */ = {isa = PBXFileReference; lastKnownFileType = sourcecode.swift; path = AppRoute.swift; sourceTree = "<group>"; };
		A1000000000000000000F029 /* RouteHost.swift */ = {isa = PBXFileReference; lastKnownFileType = sourcecode.swift; path = RouteHost.swift; sourceTree = "<group>"; };
		A1000000000000000000F030 /* IllustDetailView.swift */ = {isa = PBXFileReference; lastKnownFileType = sourcecode.swift; path = IllustDetailView.swift; sourceTree = "<group>"; };
		A1000000000000000000F801 /* IllustDetailChrome.swift */ = {isa = PBXFileReference; lastKnownFileType = sourcecode.swift; path = IllustDetailChrome.swift; sourceTree = "<group>"; };
		A1000000000000000000F101 /* ReportIllustView.swift */ = {isa = PBXFileReference; lastKnownFileType = sourcecode.swift; path = ReportIllustView.swift; sourceTree = "<group>"; };
		A1000000000000000000F031 /* NovelDetailView.swift */ = {isa = PBXFileReference; lastKnownFileType = sourcecode.swift; path = NovelDetailView.swift; sourceTree = "<group>"; };
		A1000000000000000000F032 /* UserProfileView.swift */ = {isa = PBXFileReference; lastKnownFileType = sourcecode.swift; path = UserProfileView.swift; sourceTree = "<group>"; };
		A1000000000000000000F901 /* UserProfileTabs.swift */ = {isa = PBXFileReference; lastKnownFileType = sourcecode.swift; path = UserProfileTabs.swift; sourceTree = "<group>"; };
		A1000000000000000000F902 /* UserProfileInfoTab.swift */ = {isa = PBXFileReference; lastKnownFileType = sourcecode.swift; path = UserProfileInfoTab.swift; sourceTree = "<group>"; };
		A1000000000000000000F903 /* UserTagSearchSheet.swift */ = {isa = PBXFileReference; lastKnownFileType = sourcecode.swift; path = UserTagSearchSheet.swift; sourceTree = "<group>"; };
		A1000000000000000000F904 /* UserJumpTools.swift */ = {isa = PBXFileReference; lastKnownFileType = sourcecode.swift; path = UserJumpTools.swift; sourceTree = "<group>"; };
		A1000000000000000000F905 /* RequestPlanViews.swift */ = {isa = PBXFileReference; lastKnownFileType = sourcecode.swift; path = RequestPlanViews.swift; sourceTree = "<group>"; };
		A1000000000000000000F033 /* CommentsView.swift */ = {isa = PBXFileReference; lastKnownFileType = sourcecode.swift; path = CommentsView.swift; sourceTree = "<group>"; };
		A1000000000000000000F034 /* UserListsViews.swift */ = {isa = PBXFileReference; lastKnownFileType = sourcecode.swift; path = UserListsViews.swift; sourceTree = "<group>"; };
		A1000000000000000000F035 /* SearchView.swift */ = {isa = PBXFileReference; lastKnownFileType = sourcecode.swift; path = SearchView.swift; sourceTree = "<group>"; };
		A1000000000000000000F103 /* PinnedTagsView.swift */ = {isa = PBXFileReference; lastKnownFileType = sourcecode.swift; path = PinnedTagsView.swift; sourceTree = "<group>"; };
		A1000000000000000000F036 /* RankingDetailView.swift */ = {isa = PBXFileReference; lastKnownFileType = sourcecode.swift; path = RankingDetailView.swift; sourceTree = "<group>"; };
		A1000000000000000000F037 /* DiscoverView.swift */ = {isa = PBXFileReference; lastKnownFileType = sourcecode.swift; path = DiscoverView.swift; sourceTree = "<group>"; };
		A1000000000000000000F038 /* WhatsNewView.swift */ = {isa = PBXFileReference; lastKnownFileType = sourcecode.swift; path = WhatsNewView.swift; sourceTree = "<group>"; };
		A1000000000000000000F118 /* CenterRecommendViews.swift */ = {isa = PBXFileReference; lastKnownFileType = sourcecode.swift; path = CenterRecommendViews.swift; sourceTree = "<group>"; };
		A1000000000000000000F039 /* MoreView.swift */ = {isa = PBXFileReference; lastKnownFileType = sourcecode.swift; path = MoreView.swift; sourceTree = "<group>"; };
		A1000000000000000000F040 /* SettingsView.swift */ = {isa = PBXFileReference; lastKnownFileType = sourcecode.swift; path = SettingsView.swift; sourceTree = "<group>"; };
		A1000000000000000000F041 /* AboutAndPlaceholders.swift */ = {isa = PBXFileReference; lastKnownFileType = sourcecode.swift; path = AboutAndPlaceholders.swift; sourceTree = "<group>"; };
		A1000000000000000000F042 /* ImageViewerView.swift */ = {isa = PBXFileReference; lastKnownFileType = sourcecode.swift; path = ImageViewerView.swift; sourceTree = "<group>"; };
		A1000000000000000000F043 /* NovelReaderView.swift */ = {isa = PBXFileReference; lastKnownFileType = sourcecode.swift; path = NovelReaderView.swift; sourceTree = "<group>"; };
		A1000000000000000000F044 /* HistoryStore.swift */ = {isa = PBXFileReference; lastKnownFileType = sourcecode.swift; path = HistoryStore.swift; sourceTree = "<group>"; };
		A1000000000000000000F045 /* HistoryView.swift */ = {isa = PBXFileReference; lastKnownFileType = sourcecode.swift; path = HistoryView.swift; sourceTree = "<group>"; };
		A1000000000000000000F046 /* RecommendUsersView.swift */ = {isa = PBXFileReference; lastKnownFileType = sourcecode.swift; path = RecommendUsersView.swift; sourceTree = "<group>"; };
		A1000000000000000000F047 /* LatestWorksView.swift */ = {isa = PBXFileReference; lastKnownFileType = sourcecode.swift; path = LatestWorksView.swift; sourceTree = "<group>"; };
		A1000000000000000000F117 /* DiscoverDestinations.swift */ = {isa = PBXFileReference; lastKnownFileType = sourcecode.swift; path = DiscoverDestinations.swift; sourceTree = "<group>"; };
		A1000000000000000000F048 /* WebArticleView.swift */ = {isa = PBXFileReference; lastKnownFileType = sourcecode.swift; path = WebArticleView.swift; sourceTree = "<group>"; };
		A1000000000000000000F067 /* ProgressRing.swift */ = {isa = PBXFileReference; lastKnownFileType = sourcecode.swift; path = ProgressRing.swift; sourceTree = "<group>"; };
		A1000000000000000000F0C1 /* BookmarkFeedback.swift */ = {isa = PBXFileReference; lastKnownFileType = sourcecode.swift; path = BookmarkFeedback.swift; sourceTree = "<group>"; };
		A1000000000000000000F068 /* InteractionStore.swift */ = {isa = PBXFileReference; lastKnownFileType = sourcecode.swift; path = InteractionStore.swift; sourceTree = "<group>"; };
		A1000000000000000000F069 /* AppFonts.swift */ = {isa = PBXFileReference; lastKnownFileType = sourcecode.swift; path = AppFonts.swift; sourceTree = "<group>"; };
		A1000000000000000000F070 /* montserrat_medium.ttf */ = {isa = PBXFileReference; lastKnownFileType = file; path = montserrat_medium.ttf; sourceTree = "<group>"; };
		A1000000000000000000F071 /* montserrat_bold.ttf */ = {isa = PBXFileReference; lastKnownFileType = file; path = montserrat_bold.ttf; sourceTree = "<group>"; };
		A1000000000000000000F072 /* montserrat_semi_bold.ttf */ = {isa = PBXFileReference; lastKnownFileType = file; path = montserrat_semi_bold.ttf; sourceTree = "<group>"; };
		A1000000000000000000F073 /* ReaderCore.swift */ = {isa = PBXFileReference; lastKnownFileType = sourcecode.swift; path = ReaderCore.swift; sourceTree = "<group>"; };
		A1000000000000000000F074 /* ReaderSettings.swift */ = {isa = PBXFileReference; lastKnownFileType = sourcecode.swift; path = ReaderSettings.swift; sourceTree = "<group>"; };
		A1000000000000000000F075 /* ReaderPaginate.swift */ = {isa = PBXFileReference; lastKnownFileType = sourcecode.swift; path = ReaderPaginate.swift; sourceTree = "<group>"; };
		A1000000000000000000F076 /* ReaderData.swift */ = {isa = PBXFileReference; lastKnownFileType = sourcecode.swift; path = ReaderData.swift; sourceTree = "<group>"; };
		A1000000000000000000F077 /* ReaderRenderViews.swift */ = {isa = PBXFileReference; lastKnownFileType = sourcecode.swift; path = ReaderRenderViews.swift; sourceTree = "<group>"; };
		A1000000000000000000F078 /* ReaderPagedContainer.swift */ = {isa = PBXFileReference; lastKnownFileType = sourcecode.swift; path = ReaderPagedContainer.swift; sourceTree = "<group>"; };
		A1000000000000000000F079 /* ReaderScrollView.swift */ = {isa = PBXFileReference; lastKnownFileType = sourcecode.swift; path = ReaderScrollView.swift; sourceTree = "<group>"; };
		A1000000000000000000F080 /* ReaderChrome.swift */ = {isa = PBXFileReference; lastKnownFileType = sourcecode.swift; path = ReaderChrome.swift; sourceTree = "<group>"; };
		A1000000000000000000F081 /* ReaderSettingsPanel.swift */ = {isa = PBXFileReference; lastKnownFileType = sourcecode.swift; path = ReaderSettingsPanel.swift; sourceTree = "<group>"; };
		A1000000000000000000F082 /* ReaderSheets.swift */ = {isa = PBXFileReference; lastKnownFileType = sourcecode.swift; path = ReaderSheets.swift; sourceTree = "<group>"; };
		A1000000000000000000F083 /* ReaderExport.swift */ = {isa = PBXFileReference; lastKnownFileType = sourcecode.swift; path = ReaderExport.swift; sourceTree = "<group>"; };
		A1000000000000000000F084 /* NovelReaderV3ViewModel.swift */ = {isa = PBXFileReference; lastKnownFileType = sourcecode.swift; path = NovelReaderV3ViewModel.swift; sourceTree = "<group>"; };
		A1000000000000000000F085 /* NovelReaderV3View.swift */ = {isa = PBXFileReference; lastKnownFileType = sourcecode.swift; path = NovelReaderV3View.swift; sourceTree = "<group>"; };
		A1000000000000000000F086 /* ComicReaderSettings.swift */ = {isa = PBXFileReference; lastKnownFileType = sourcecode.swift; path = ComicReaderSettings.swift; sourceTree = "<group>"; };
		A1000000000000000000F087 /* ComicReaderStore.swift */ = {isa = PBXFileReference; lastKnownFileType = sourcecode.swift; path = ComicReaderStore.swift; sourceTree = "<group>"; };
		A1000000000000000000F088 /* ComicReaderViewModel.swift */ = {isa = PBXFileReference; lastKnownFileType = sourcecode.swift; path = ComicReaderViewModel.swift; sourceTree = "<group>"; };
		A1000000000000000000F089 /* ComicPagedContainer.swift */ = {isa = PBXFileReference; lastKnownFileType = sourcecode.swift; path = ComicPagedContainer.swift; sourceTree = "<group>"; };
		A1000000000000000000F090 /* ComicWebtoonContainer.swift */ = {isa = PBXFileReference; lastKnownFileType = sourcecode.swift; path = ComicWebtoonContainer.swift; sourceTree = "<group>"; };
		A1000000000000000000F091 /* ComicReaderView.swift */ = {isa = PBXFileReference; lastKnownFileType = sourcecode.swift; path = ComicReaderView.swift; sourceTree = "<group>"; };
		A1000000000000000000F092 /* ComicReaderSettingsSheet.swift */ = {isa = PBXFileReference; lastKnownFileType = sourcecode.swift; path = ComicReaderSettingsSheet.swift; sourceTree = "<group>"; };
		A1000000000000000000F093 /* ComicReaderSheets.swift */ = {isa = PBXFileReference; lastKnownFileType = sourcecode.swift; path = ComicReaderSheets.swift; sourceTree = "<group>"; };
		A1000000000000000000F094 /* DownloadManager.swift */ = {isa = PBXFileReference; lastKnownFileType = sourcecode.swift; path = DownloadManager.swift; sourceTree = "<group>"; };
		A1000000000000000000F095 /* UgoiraGIF.swift */ = {isa = PBXFileReference; lastKnownFileType = sourcecode.swift; path = UgoiraGIF.swift; sourceTree = "<group>"; };
		A1000000000000000000F096 /* DownloadManagerView.swift */ = {isa = PBXFileReference; lastKnownFileType = sourcecode.swift; path = DownloadManagerView.swift; sourceTree = "<group>"; };
		A1000000000000000000F097 /* BulkSelectView.swift */ = {isa = PBXFileReference; lastKnownFileType = sourcecode.swift; path = BulkSelectView.swift; sourceTree = "<group>"; };
		A1000000000000000000F098 /* SlideshowView.swift */ = {isa = PBXFileReference; lastKnownFileType = sourcecode.swift; path = SlideshowView.swift; sourceTree = "<group>"; };
		A1000000000000000000F099 /* PrimeTagsView.swift */ = {isa = PBXFileReference; lastKnownFileType = sourcecode.swift; path = PrimeTagsView.swift; sourceTree = "<group>"; };
		A1000000000000000000F100 /* pixiv_prime */ = {isa = PBXFileReference; lastKnownFileType = folder; path = pixiv_prime; sourceTree = "<group>"; };
		A1000000000000000000F049 /* MuteStore.swift */ = {isa = PBXFileReference; lastKnownFileType = sourcecode.swift; path = MuteStore.swift; sourceTree = "<group>"; };
		A1000000000000000000F050 /* MutedView.swift */ = {isa = PBXFileReference; lastKnownFileType = sourcecode.swift; path = MutedView.swift; sourceTree = "<group>"; };
		A1000000000000000000F051 /* SeriesViews.swift */ = {isa = PBXFileReference; lastKnownFileType = sourcecode.swift; path = SeriesViews.swift; sourceTree = "<group>"; };
		A1000000000000000000F052 /* BookmarkTagsSheet.swift */ = {isa = PBXFileReference; lastKnownFileType = sourcecode.swift; path = BookmarkTagsSheet.swift; sourceTree = "<group>"; };
		A1000000000000000000F053 /* SearchHistoryStore.swift */ = {isa = PBXFileReference; lastKnownFileType = sourcecode.swift; path = SearchHistoryStore.swift; sourceTree = "<group>"; };
		A1000000000000000000F054 /* UgoiraPlayer.swift */ = {isa = PBXFileReference; lastKnownFileType = sourcecode.swift; path = UgoiraPlayer.swift; sourceTree = "<group>"; };
		A1000000000000000000F055 /* UserSeriesListView.swift */ = {isa = PBXFileReference; lastKnownFileType = sourcecode.swift; path = UserSeriesListView.swift; sourceTree = "<group>"; };
		A1000000000000000000F056 /* SearchFilter.swift */ = {isa = PBXFileReference; lastKnownFileType = sourcecode.swift; path = SearchFilter.swift; sourceTree = "<group>"; };
		A1000000000000000000F057 /* SearchFilterSheet.swift */ = {isa = PBXFileReference; lastKnownFileType = sourcecode.swift; path = SearchFilterSheet.swift; sourceTree = "<group>"; };
		A1000000000000000000F058 /* Theme.swift */ = {isa = PBXFileReference; lastKnownFileType = sourcecode.swift; path = Theme.swift; sourceTree = "<group>"; };
		A1000000000000000000F104 /* SwipeBackEnabler.swift */ = {isa = PBXFileReference; lastKnownFileType = sourcecode.swift; path = SwipeBackEnabler.swift; sourceTree = "<group>"; };
		A1000000000000000000F059 /* NotificationsView.swift */ = {isa = PBXFileReference; lastKnownFileType = sourcecode.swift; path = NotificationsView.swift; sourceTree = "<group>"; };
		A1000000000000000000F060 /* WatchlistView.swift */ = {isa = PBXFileReference; lastKnownFileType = sourcecode.swift; path = WatchlistView.swift; sourceTree = "<group>"; };
		A1000000000000000000F061 /* NovelMarkersView.swift */ = {isa = PBXFileReference; lastKnownFileType = sourcecode.swift; path = NovelMarkersView.swift; sourceTree = "<group>"; };
		A1000000000000000000F062 /* TracedTunnel.metal */ = {isa = PBXFileReference; lastKnownFileType = sourcecode.metal; path = TracedTunnel.metal; sourceTree = "<group>"; };
		A1000000000000000000F063 /* tunnel-atlas.webp */ = {isa = PBXFileReference; lastKnownFileType = file; path = "tunnel-atlas.webp"; sourceTree = "<group>"; };
		A1000000000000000000F064 /* tunnel-atlas-lq.webp */ = {isa = PBXFileReference; lastKnownFileType = file; path = "tunnel-atlas-lq.webp"; sourceTree = "<group>"; };
		A1000000000000000000F065 /* AppSettingsStore.swift */ = {isa = PBXFileReference; lastKnownFileType = sourcecode.swift; path = AppSettingsStore.swift; sourceTree = "<group>"; };
		A1000000000000000000F066 /* ZoomImageView.swift */ = {isa = PBXFileReference; lastKnownFileType = sourcecode.swift; path = ZoomImageView.swift; sourceTree = "<group>"; };
		A1000000000000000000F906 /* ChatThreadId.swift */ = {isa = PBXFileReference; lastKnownFileType = sourcecode.swift; path = ChatThreadId.swift; sourceTree = "<group>"; };
		A1000000000000000000F907 /* ChatFrame.swift */ = {isa = PBXFileReference; lastKnownFileType = sourcecode.swift; path = ChatFrame.swift; sourceTree = "<group>"; };
		A1000000000000000000F908 /* ChatModels.swift */ = {isa = PBXFileReference; lastKnownFileType = sourcecode.swift; path = ChatModels.swift; sourceTree = "<group>"; };
		A1000000000000000000F909 /* ShaftChatAPI.swift */ = {isa = PBXFileReference; lastKnownFileType = sourcecode.swift; path = ShaftChatAPI.swift; sourceTree = "<group>"; };
		A1000000000000000000F910 /* ShaftChatGateway.swift */ = {isa = PBXFileReference; lastKnownFileType = sourcecode.swift; path = ShaftChatGateway.swift; sourceTree = "<group>"; };
		A1000000000000000000F911 /* ChatRoomListView.swift */ = {isa = PBXFileReference; lastKnownFileType = sourcecode.swift; path = ChatRoomListView.swift; sourceTree = "<group>"; };
		A1000000000000000000F912 /* ChatThreadView.swift */ = {isa = PBXFileReference; lastKnownFileType = sourcecode.swift; path = ChatThreadView.swift; sourceTree = "<group>"; };
/* End PBXFileReference section */

/* Begin PBXFrameworksBuildPhase section */
		A1000000000000000000C001 /* Frameworks */ = {
			isa = PBXFrameworksBuildPhase;
			buildActionMask = 2147483647;
			files = (
			);
			runOnlyForDeploymentPostprocessing = 0;
		};
/* End PBXFrameworksBuildPhase section */

/* Begin PBXGroup section */
		A1000000000000000000G001 = {
			isa = PBXGroup;
			children = (
				A1000000000000000000G002 /* Shaft-iOS */,
				A1000000000000000000G003 /* Products */,
			);
			sourceTree = "<group>";
		};
		A1000000000000000000G002 /* Shaft-iOS */ = {
			isa = PBXGroup;
			children = (
				A1000000000000000000G027 /* Chat */,
				A1000000000000000000F001 /* Shaft_iOSApp.swift */,
				A1000000000000000000F002 /* ContentView.swift */,
				A1000000000000000000F006 /* LoginView.swift */,
				A1000000000000000000F005 /* KeychainTokenStore.swift */,
				A1000000000000000000G005 /* PixivOAuth */,
				A1000000000000000000G008 /* PixivAPI */,
				A1000000000000000000G009 /* Localization */,
				A1000000000000000000G006 /* Onboarding */,
				A1000000000000000000G007 /* Home */,
				A1000000000000000000G010 /* Common */,
				A1000000000000000000G011 /* Routing */,
				A1000000000000000000G012 /* Detail */,
				A1000000000000000000G013 /* Search */,
				A1000000000000000000G014 /* Ranking */,
				A1000000000000000000G015 /* Discover */,
				A1000000000000000000G016 /* WhatsNew */,
				A1000000000000000000G017 /* More */,
				A1000000000000000000G018 /* History */,
				A1000000000000000000G019 /* Mute */,
				A1000000000000000000G020 /* NovelReader */,
				A1000000000000000000G021 /* ComicReader */,
				A1000000000000000000G022 /* Download */,
				A1000000000000000000G023 /* Slideshow */,
				A1000000000000000000G024 /* Prime */,
				A1000000000000000000G025 /* WatchLater */,
				A1000000000000000000G026 /* Recommend */,
				A1000000000000000000F003 /* Assets.xcassets */,
				A1000000000000000000G004 /* Preview Content */,
			);
			path = "Shaft-iOS";
			sourceTree = "<group>";
		};
		A1000000000000000000G008 /* PixivAPI */ = {
			isa = PBXGroup;
			children = (
				A1000000000000000000F019 /* PixivModels.swift */,
				A1000000000000000000F020 /* PixivAPI.swift */,
				A1000000000000000000F021 /* AuthTokenProvider.swift */,
				A1000000000000000000F022 /* PixivAsyncImage.swift */,
				A1000000000000000000F102 /* PixivClientIdentity.swift */,
				A1000000000000000000F105 /* DirectConnection.swift */,
				A1000000000000000000F106 /* QPACK.swift */,
				A1000000000000000000F107 /* Http3Client.swift */,
				A1000000000000000000F054 /* UgoiraPlayer.swift */,
			);
			path = PixivAPI;
			sourceTree = "<group>";
		};
		A1000000000000000000G007 /* Home */ = {
			isa = PBXGroup;
			children = (
				A1000000000000000000F016 /* HomeView.swift */,
				A1000000000000000000F017 /* PagerTabBar.swift */,
				A1000000000000000000F018 /* RecommendView.swift */,
				A1000000000000000000F023 /* PlaceholderView.swift */,
				A1000000000000000000F026 /* WaterfallGrid.swift */,
			);
			path = Home;
			sourceTree = "<group>";
		};
		A1000000000000000000G009 /* Localization */ = {
			isa = PBXGroup;
			children = (
				A1000000000000000000F024 /* LocalizedKey.swift */,
				A1000000000000000000F025 /* LocalizedStrings.swift */,
			);
			path = Localization;
			sourceTree = "<group>";
		};
		A1000000000000000000G010 /* Common */ = {
			isa = PBXGroup;
			children = (
				A1000000000000000000F027 /* IllustWaterfallList.swift */,
				A1000000000000000000F108 /* SkeletonView.swift */,
				A1000000000000000000F048 /* WebArticleView.swift */,
				A1000000000000000000F067 /* ProgressRing.swift */,
				A1000000000000000000F0C1 /* BookmarkFeedback.swift */,
				A1000000000000000000F068 /* InteractionStore.swift */,
				A1000000000000000000F069 /* AppFonts.swift */,
				A1000000000000000000F070 /* montserrat_medium.ttf */,
				A1000000000000000000F071 /* montserrat_bold.ttf */,
				A1000000000000000000F072 /* montserrat_semi_bold.ttf */,
				A1000000000000000000F058 /* Theme.swift */,
				A1000000000000000000F104 /* SwipeBackEnabler.swift */,
			);
			path = Common;
			sourceTree = "<group>";
		};
		A1000000000000000000G011 /* Routing */ = {
			isa = PBXGroup;
			children = (
				A1000000000000000000F028 /* AppRoute.swift */,
				A1000000000000000000F029 /* RouteHost.swift */,
			);
			path = Routing;
			sourceTree = "<group>";
		};
		A1000000000000000000G012 /* Detail */ = {
			isa = PBXGroup;
			children = (
				A1000000000000000000F030 /* IllustDetailView.swift */,
				A1000000000000000000F801 /* IllustDetailChrome.swift */,
				A1000000000000000000F101 /* ReportIllustView.swift */,
				A1000000000000000000F031 /* NovelDetailView.swift */,
				A1000000000000000000F032 /* UserProfileView.swift */,
				A1000000000000000000F901 /* UserProfileTabs.swift */,
				A1000000000000000000F902 /* UserProfileInfoTab.swift */,
				A1000000000000000000F903 /* UserTagSearchSheet.swift */,
				A1000000000000000000F904 /* UserJumpTools.swift */,
				A1000000000000000000F905 /* RequestPlanViews.swift */,
				A1000000000000000000F033 /* CommentsView.swift */,
				A1000000000000000000F034 /* UserListsViews.swift */,
				A1000000000000000000F042 /* ImageViewerView.swift */,
				A1000000000000000000F066 /* ZoomImageView.swift */,
				A1000000000000000000F043 /* NovelReaderView.swift */,
				A1000000000000000000F046 /* RecommendUsersView.swift */,
				A1000000000000000000F051 /* SeriesViews.swift */,
				A1000000000000000000F052 /* BookmarkTagsSheet.swift */,
				A1000000000000000000F055 /* UserSeriesListView.swift */,
			);
			path = Detail;
			sourceTree = "<group>";
		};
		A1000000000000000000G013 /* Search */ = {
			isa = PBXGroup;
			children = (
				A1000000000000000000F035 /* SearchView.swift */,
				A1000000000000000000F103 /* PinnedTagsView.swift */,
				A1000000000000000000F053 /* SearchHistoryStore.swift */,
				A1000000000000000000F056 /* SearchFilter.swift */,
				A1000000000000000000F057 /* SearchFilterSheet.swift */,
				A1000000000000000000F116 /* BorrowedSearch.swift */,
			);
			path = Search;
			sourceTree = "<group>";
		};
		A1000000000000000000G014 /* Ranking */ = {
			isa = PBXGroup;
			children = (
				A1000000000000000000F036 /* RankingDetailView.swift */,
			);
			path = Ranking;
			sourceTree = "<group>";
		};
		A1000000000000000000G015 /* Discover */ = {
			isa = PBXGroup;
			children = (
				A1000000000000000000F037 /* DiscoverView.swift */,
				A1000000000000000000F047 /* LatestWorksView.swift */,
				A1000000000000000000F117 /* DiscoverDestinations.swift */,
				A1000000000000000000F118 /* CenterRecommendViews.swift */,
			);
			path = Discover;
			sourceTree = "<group>";
		};
		A1000000000000000000G018 /* History */ = {
			isa = PBXGroup;
			children = (
				A1000000000000000000F044 /* HistoryStore.swift */,
				A1000000000000000000F045 /* HistoryView.swift */,
			);
			path = History;
			sourceTree = "<group>";
		};
		A1000000000000000000G019 /* Mute */ = {
			isa = PBXGroup;
			children = (
				A1000000000000000000F049 /* MuteStore.swift */,
				A1000000000000000000F050 /* MutedView.swift */,
			);
			path = Mute;
			sourceTree = "<group>";
		};
		A1000000000000000000G020 /* NovelReader */ = {
			isa = PBXGroup;
			children = (
				A1000000000000000000F073 /* ReaderCore.swift */,
				A1000000000000000000F074 /* ReaderSettings.swift */,
				A1000000000000000000F075 /* ReaderPaginate.swift */,
				A1000000000000000000F076 /* ReaderData.swift */,
				A1000000000000000000F077 /* ReaderRenderViews.swift */,
				A1000000000000000000F078 /* ReaderPagedContainer.swift */,
				A1000000000000000000F079 /* ReaderScrollView.swift */,
				A1000000000000000000F080 /* ReaderChrome.swift */,
				A1000000000000000000F081 /* ReaderSettingsPanel.swift */,
				A1000000000000000000F082 /* ReaderSheets.swift */,
				A1000000000000000000F083 /* ReaderExport.swift */,
				A1000000000000000000F084 /* NovelReaderV3ViewModel.swift */,
				A1000000000000000000F085 /* NovelReaderV3View.swift */,
			);
			path = NovelReader;
			sourceTree = "<group>";
		};
		A1000000000000000000G021 /* ComicReader */ = {
			isa = PBXGroup;
			children = (
				A1000000000000000000F086 /* ComicReaderSettings.swift */,
				A1000000000000000000F087 /* ComicReaderStore.swift */,
				A1000000000000000000F088 /* ComicReaderViewModel.swift */,
				A1000000000000000000F089 /* ComicPagedContainer.swift */,
				A1000000000000000000F090 /* ComicWebtoonContainer.swift */,
				A1000000000000000000F091 /* ComicReaderView.swift */,
				A1000000000000000000F092 /* ComicReaderSettingsSheet.swift */,
				A1000000000000000000F093 /* ComicReaderSheets.swift */,
			);
			path = ComicReader;
			sourceTree = "<group>";
		};
		A1000000000000000000G022 /* Download */ = {
			isa = PBXGroup;
			children = (
				A1000000000000000000F094 /* DownloadManager.swift */,
				A1000000000000000000F095 /* UgoiraGIF.swift */,
				A1000000000000000000F096 /* DownloadManagerView.swift */,
				A1000000000000000000F097 /* BulkSelectView.swift */,
			);
			path = Download;
			sourceTree = "<group>";
		};
		A1000000000000000000G023 /* Slideshow */ = {
			isa = PBXGroup;
			children = (
				A1000000000000000000F098 /* SlideshowView.swift */,
			);
			path = Slideshow;
			sourceTree = "<group>";
		};
		A1000000000000000000G024 /* Prime */ = {
			isa = PBXGroup;
			children = (
				A1000000000000000000F099 /* PrimeTagsView.swift */,
				A1000000000000000000F100 /* pixiv_prime */,
			);
			path = Prime;
			sourceTree = "<group>";
		};
		A1000000000000000000G025 /* WatchLater */ = {
			isa = PBXGroup;
			children = (
				A1000000000000000000F109 /* WatchLaterStore.swift */,
				A1000000000000000000F110 /* WatchLaterView.swift */,
			);
			path = WatchLater;
			sourceTree = "<group>";
		};
		A1000000000000000000G026 /* Recommend */ = {
			isa = PBXGroup;
			children = (
				A1000000000000000000F111 /* ShaftApiV2.swift */,
				A1000000000000000000F112 /* ShaftEventReporter.swift */,
				A1000000000000000000F113 /* SensitiveContentGate.swift */,
				A1000000000000000000F114 /* TrendingFeedView.swift */,
				A1000000000000000000F115 /* EventHistoryView.swift */,
			);
			path = Recommend;
			sourceTree = "<group>";
		};
		A1000000000000000000G016 /* WhatsNew */ = {
			isa = PBXGroup;
			children = (
				A1000000000000000000F038 /* WhatsNewView.swift */,
			);
			path = WhatsNew;
			sourceTree = "<group>";
		};
		A1000000000000000000G017 /* More */ = {
			isa = PBXGroup;
			children = (
				A1000000000000000000F039 /* MoreView.swift */,
				A1000000000000000000F040 /* SettingsView.swift */,
				A1000000000000000000F065 /* AppSettingsStore.swift */,
				A1000000000000000000F041 /* AboutAndPlaceholders.swift */,
				A1000000000000000000F059 /* NotificationsView.swift */,
				A1000000000000000000F060 /* WatchlistView.swift */,
				A1000000000000000000F061 /* NovelMarkersView.swift */,
			);
			path = More;
			sourceTree = "<group>";
		};
		A1000000000000000000G005 /* PixivOAuth */ = {
			isa = PBXGroup;
			children = (
				A1000000000000000000F007 /* PixivOAuthConfig.swift */,
				A1000000000000000000F008 /* PkceUtil.swift */,
				A1000000000000000000F009 /* PixivOAuthResponse.swift */,
				A1000000000000000000F010 /* PixivOAuthClient.swift */,
				A1000000000000000000F011 /* PixivLoginSession.swift */,
			);
			path = PixivOAuth;
			sourceTree = "<group>";
		};
		A1000000000000000000G006 /* Onboarding */ = {
			isa = PBXGroup;
			children = (
				A1000000000000000000F012 /* AppLocales.swift */,
				A1000000000000000000F013 /* OnboardingStore.swift */,
				A1000000000000000000F014 /* TunnelBackgroundView.swift */,
				A1000000000000000000F062 /* TracedTunnel.metal */,
				A1000000000000000000F063 /* tunnel-atlas.webp */,
				A1000000000000000000F064 /* tunnel-atlas-lq.webp */,
				A1000000000000000000F015 /* LanguageOnboardingView.swift */,
			);
			path = Onboarding;
			sourceTree = "<group>";
		};
		A1000000000000000000G003 /* Products */ = {
			isa = PBXGroup;
			children = (
				A1000000000000000000A001 /* Shaft-iOS.app */,
			);
			name = Products;
			sourceTree = "<group>";
		};
		A1000000000000000000G004 /* Preview Content */ = {
			isa = PBXGroup;
			children = (
				A1000000000000000000F004 /* Preview Assets.xcassets */,
			);
			path = "Preview Content";
			sourceTree = "<group>";
		};
		A1000000000000000000G027 /* Chat */ = {
			isa = PBXGroup;
			children = (
				A1000000000000000000F911 /* ChatRoomListView.swift */,
				A1000000000000000000F912 /* ChatThreadView.swift */,
				A1000000000000000000F906 /* ChatThreadId.swift */,
				A1000000000000000000F907 /* ChatFrame.swift */,
				A1000000000000000000F908 /* ChatModels.swift */,
				A1000000000000000000F909 /* ShaftChatAPI.swift */,
				A1000000000000000000F910 /* ShaftChatGateway.swift */,
			);
			path = Chat;
			sourceTree = "<group>";
		};
/* End PBXGroup section */

/* Begin PBXNativeTarget section */
		A1000000000000000000T001 /* Shaft-iOS */ = {
			isa = PBXNativeTarget;
			buildConfigurationList = A1000000000000000000L002 /* Build configuration list for PBXNativeTarget "Shaft-iOS" */;
			buildPhases = (
				A1000000000000000000C002 /* Sources */,
				A1000000000000000000C003 /* Resources */,
				A1000000000000000000C001 /* Frameworks */,
			);
			buildRules = (
			);
			dependencies = (
			);
			name = "Shaft-iOS";
			productName = "Shaft-iOS";
			productReference = A1000000000000000000A001 /* Shaft-iOS.app */;
			productType = "com.apple.product-type.application";
		};
/* End PBXNativeTarget section */

/* Begin PBXProject section */
		A1000000000000000000P001 /* Project object */ = {
			isa = PBXProject;
			attributes = {
				BuildIndependentTargetsInParallel = 1;
				LastSwiftUpdateCheck = 1600;
				LastUpgradeCheck = 1600;
				TargetAttributes = {
					A1000000000000000000T001 = {
						CreatedOnToolsVersion = 16.0;
					};
				};
			};
			buildConfigurationList = A1000000000000000000L001 /* Build configuration list for PBXProject "Shaft-iOS" */;
			compatibilityVersion = "Xcode 14.0";
			developmentRegion = en;
			hasScannedForEncodings = 0;
			knownRegions = (
				en,
				Base,
			);
			mainGroup = A1000000000000000000G001;
			productRefGroup = A1000000000000000000G003 /* Products */;
			projectDirPath = "";
			projectRoot = "";
			targets = (
				A1000000000000000000T001 /* Shaft-iOS */,
			);
		};
/* End PBXProject section */

/* Begin PBXResourcesBuildPhase section */
		A1000000000000000000C003 /* Resources */ = {
			isa = PBXResourcesBuildPhase;
			buildActionMask = 2147483647;
			files = (
				A1000000000000000000B004 /* Preview Assets.xcassets in Resources */,
				A1000000000000000000B003 /* Assets.xcassets in Resources */,
				A1000000000000000000B070 /* montserrat_medium.ttf in Resources */,
				A1000000000000000000B071 /* montserrat_bold.ttf in Resources */,
				A1000000000000000000B072 /* montserrat_semi_bold.ttf in Resources */,
				A1000000000000000000B063 /* tunnel-atlas.webp in Resources */,
				A1000000000000000000B100 /* pixiv_prime in Resources */,
				A1000000000000000000B064 /* tunnel-atlas-lq.webp in Resources */,
			);
			runOnlyForDeploymentPostprocessing = 0;
		};
/* End PBXResourcesBuildPhase section */

/* Begin PBXSourcesBuildPhase section */
		A1000000000000000000C002 /* Sources */ = {
			isa = PBXSourcesBuildPhase;
			buildActionMask = 2147483647;
			files = (
				A1000000000000000000B911 /* ChatRoomListView.swift in Sources */,
				A1000000000000000000B912 /* ChatThreadView.swift in Sources */,
				A1000000000000000000B906 /* ChatThreadId.swift in Sources */,
				A1000000000000000000B907 /* ChatFrame.swift in Sources */,
				A1000000000000000000B908 /* ChatModels.swift in Sources */,
				A1000000000000000000B909 /* ShaftChatAPI.swift in Sources */,
				A1000000000000000000B910 /* ShaftChatGateway.swift in Sources */,
				A1000000000000000000B002 /* ContentView.swift in Sources */,
				A1000000000000000000B001 /* Shaft_iOSApp.swift in Sources */,
				A1000000000000000000B073 /* ReaderCore.swift in Sources */,
				A1000000000000000000B074 /* ReaderSettings.swift in Sources */,
				A1000000000000000000B075 /* ReaderPaginate.swift in Sources */,
				A1000000000000000000B076 /* ReaderData.swift in Sources */,
				A1000000000000000000B077 /* ReaderRenderViews.swift in Sources */,
				A1000000000000000000B078 /* ReaderPagedContainer.swift in Sources */,
				A1000000000000000000B079 /* ReaderScrollView.swift in Sources */,
				A1000000000000000000B080 /* ReaderChrome.swift in Sources */,
				A1000000000000000000B081 /* ReaderSettingsPanel.swift in Sources */,
				A1000000000000000000B082 /* ReaderSheets.swift in Sources */,
				A1000000000000000000B083 /* ReaderExport.swift in Sources */,
				A1000000000000000000B084 /* NovelReaderV3ViewModel.swift in Sources */,
				A1000000000000000000B085 /* NovelReaderV3View.swift in Sources */,
				A1000000000000000000B086 /* ComicReaderSettings.swift in Sources */,
				A1000000000000000000B087 /* ComicReaderStore.swift in Sources */,
				A1000000000000000000B088 /* ComicReaderViewModel.swift in Sources */,
				A1000000000000000000B089 /* ComicPagedContainer.swift in Sources */,
				A1000000000000000000B090 /* ComicWebtoonContainer.swift in Sources */,
				A1000000000000000000B091 /* ComicReaderView.swift in Sources */,
				A1000000000000000000B092 /* ComicReaderSettingsSheet.swift in Sources */,
				A1000000000000000000B093 /* ComicReaderSheets.swift in Sources */,
				A1000000000000000000B094 /* DownloadManager.swift in Sources */,
				A1000000000000000000B095 /* UgoiraGIF.swift in Sources */,
				A1000000000000000000B096 /* DownloadManagerView.swift in Sources */,
				A1000000000000000000B097 /* BulkSelectView.swift in Sources */,
				A1000000000000000000B098 /* SlideshowView.swift in Sources */,
				A1000000000000000000B099 /* PrimeTagsView.swift in Sources */,
				A1000000000000000000B005 /* KeychainTokenStore.swift in Sources */,
				A1000000000000000000B006 /* LoginView.swift in Sources */,
				A1000000000000000000B007 /* PixivOAuthConfig.swift in Sources */,
				A1000000000000000000B008 /* PkceUtil.swift in Sources */,
				A1000000000000000000B009 /* PixivOAuthResponse.swift in Sources */,
				A1000000000000000000B010 /* PixivOAuthClient.swift in Sources */,
				A1000000000000000000B011 /* PixivLoginSession.swift in Sources */,
				A1000000000000000000B012 /* AppLocales.swift in Sources */,
				A1000000000000000000B013 /* OnboardingStore.swift in Sources */,
				A1000000000000000000B014 /* TunnelBackgroundView.swift in Sources */,
				A1000000000000000000B015 /* LanguageOnboardingView.swift in Sources */,
				A1000000000000000000B016 /* HomeView.swift in Sources */,
				A1000000000000000000B017 /* PagerTabBar.swift in Sources */,
				A1000000000000000000B018 /* RecommendView.swift in Sources */,
				A1000000000000000000B019 /* PixivModels.swift in Sources */,
				A1000000000000000000B020 /* PixivAPI.swift in Sources */,
				A1000000000000000000B021 /* AuthTokenProvider.swift in Sources */,
				A1000000000000000000B022 /* PixivAsyncImage.swift in Sources */,
				A1000000000000000000B102 /* PixivClientIdentity.swift in Sources */,
				A1000000000000000000B105 /* DirectConnection.swift in Sources */,
				A1000000000000000000B106 /* QPACK.swift in Sources */,
				A1000000000000000000B107 /* Http3Client.swift in Sources */,
				A1000000000000000000B108 /* SkeletonView.swift in Sources */,
				A1000000000000000000B109 /* WatchLaterStore.swift in Sources */,
				A1000000000000000000B110 /* WatchLaterView.swift in Sources */,
				A1000000000000000000B111 /* ShaftApiV2.swift in Sources */,
				A1000000000000000000B112 /* ShaftEventReporter.swift in Sources */,
				A1000000000000000000B113 /* SensitiveContentGate.swift in Sources */,
				A1000000000000000000B114 /* TrendingFeedView.swift in Sources */,
				A1000000000000000000B115 /* EventHistoryView.swift in Sources */,
				A1000000000000000000B116 /* BorrowedSearch.swift in Sources */,
				A1000000000000000000B023 /* PlaceholderView.swift in Sources */,
				A1000000000000000000B024 /* LocalizedKey.swift in Sources */,
				A1000000000000000000B025 /* LocalizedStrings.swift in Sources */,
				A1000000000000000000B026 /* WaterfallGrid.swift in Sources */,
				A1000000000000000000B027 /* IllustWaterfallList.swift in Sources */,
				A1000000000000000000B028 /* AppRoute.swift in Sources */,
				A1000000000000000000B029 /* RouteHost.swift in Sources */,
				A1000000000000000000B030 /* IllustDetailView.swift in Sources */,
				A1000000000000000000B801 /* IllustDetailChrome.swift in Sources */,
				A1000000000000000000B101 /* ReportIllustView.swift in Sources */,
				A1000000000000000000B031 /* NovelDetailView.swift in Sources */,
				A1000000000000000000B032 /* UserProfileView.swift in Sources */,
				A1000000000000000000B901 /* UserProfileTabs.swift in Sources */,
				A1000000000000000000B902 /* UserProfileInfoTab.swift in Sources */,
				A1000000000000000000B903 /* UserTagSearchSheet.swift in Sources */,
				A1000000000000000000B904 /* UserJumpTools.swift in Sources */,
				A1000000000000000000B905 /* RequestPlanViews.swift in Sources */,
				A1000000000000000000B033 /* CommentsView.swift in Sources */,
				A1000000000000000000B034 /* UserListsViews.swift in Sources */,
				A1000000000000000000B035 /* SearchView.swift in Sources */,
				A1000000000000000000B103 /* PinnedTagsView.swift in Sources */,
				A1000000000000000000B036 /* RankingDetailView.swift in Sources */,
				A1000000000000000000B037 /* DiscoverView.swift in Sources */,
				A1000000000000000000B038 /* WhatsNewView.swift in Sources */,
				A1000000000000000000B118 /* CenterRecommendViews.swift in Sources */,
				A1000000000000000000B039 /* MoreView.swift in Sources */,
				A1000000000000000000B040 /* SettingsView.swift in Sources */,
				A1000000000000000000B065 /* AppSettingsStore.swift in Sources */,
				A1000000000000000000B041 /* AboutAndPlaceholders.swift in Sources */,
				A1000000000000000000B042 /* ImageViewerView.swift in Sources */,
				A1000000000000000000B066 /* ZoomImageView.swift in Sources */,
				A1000000000000000000B043 /* NovelReaderView.swift in Sources */,
				A1000000000000000000B044 /* HistoryStore.swift in Sources */,
				A1000000000000000000B045 /* HistoryView.swift in Sources */,
				A1000000000000000000B046 /* RecommendUsersView.swift in Sources */,
				A1000000000000000000B047 /* LatestWorksView.swift in Sources */,
				A1000000000000000000B117 /* DiscoverDestinations.swift in Sources */,
				A1000000000000000000B048 /* WebArticleView.swift in Sources */,
				A1000000000000000000B067 /* ProgressRing.swift in Sources */,
				A1000000000000000000B0C1 /* BookmarkFeedback.swift in Sources */,
				A1000000000000000000B068 /* InteractionStore.swift in Sources */,
				A1000000000000000000B069 /* AppFonts.swift in Sources */,
				A1000000000000000000B049 /* MuteStore.swift in Sources */,
				A1000000000000000000B050 /* MutedView.swift in Sources */,
				A1000000000000000000B051 /* SeriesViews.swift in Sources */,
				A1000000000000000000B052 /* BookmarkTagsSheet.swift in Sources */,
				A1000000000000000000B053 /* SearchHistoryStore.swift in Sources */,
				A1000000000000000000B054 /* UgoiraPlayer.swift in Sources */,
				A1000000000000000000B055 /* UserSeriesListView.swift in Sources */,
				A1000000000000000000B056 /* SearchFilter.swift in Sources */,
				A1000000000000000000B057 /* SearchFilterSheet.swift in Sources */,
				A1000000000000000000B058 /* Theme.swift in Sources */,
				A1000000000000000000B104 /* SwipeBackEnabler.swift in Sources */,
				A1000000000000000000B059 /* NotificationsView.swift in Sources */,
				A1000000000000000000B060 /* WatchlistView.swift in Sources */,
				A1000000000000000000B061 /* NovelMarkersView.swift in Sources */,
				A1000000000000000000B062 /* TracedTunnel.metal in Sources */,
			);
			runOnlyForDeploymentPostprocessing = 0;
		};
/* End PBXSourcesBuildPhase section */

/* Begin XCBuildConfiguration section */
		A1000000000000000000X001 /* Debug */ = {
			isa = XCBuildConfiguration;
			buildSettings = {
				ALWAYS_SEARCH_USER_PATHS = NO;
				ASSETCATALOG_COMPILER_GENERATE_SWIFT_ASSET_SYMBOL_EXTENSIONS = YES;
				CLANG_ANALYZER_NONNULL = YES;
				CLANG_ANALYZER_NUMBER_OBJECT_CONVERSION = YES_AGGRESSIVE;
				CLANG_CXX_LANGUAGE_STANDARD = "gnu++20";
				CLANG_ENABLE_MODULES = YES;
				CLANG_ENABLE_OBJC_ARC = YES;
				CLANG_ENABLE_OBJC_WEAK = YES;
				CLANG_WARN_BLOCK_CAPTURE_AUTORELEASING = YES;
				CLANG_WARN_BOOL_CONVERSION = YES;
				CLANG_WARN_COMMA = YES;
				CLANG_WARN_CONSTANT_CONVERSION = YES;
				CLANG_WARN_DEPRECATED_OBJC_IMPLEMENTATIONS = YES;
				CLANG_WARN_DIRECT_OBJC_ISA_USAGE = YES_ERROR;
				CLANG_WARN_DOCUMENTATION_COMMENTS = YES;
				CLANG_WARN_EMPTY_BODY = YES;
				CLANG_WARN_ENUM_CONVERSION = YES;
				CLANG_WARN_INFINITE_RECURSION = YES;
				CLANG_WARN_INT_CONVERSION = YES;
				CLANG_WARN_NON_LITERAL_NULL_CONVERSION = YES;
				CLANG_WARN_OBJC_IMPLICIT_RETAIN_SELF = YES;
				CLANG_WARN_OBJC_LITERAL_CONVERSION = YES;
				CLANG_WARN_OBJC_ROOT_CLASS = YES_ERROR;
				CLANG_WARN_QUOTED_INCLUDE_IN_FRAMEWORK_HEADER = YES;
				CLANG_WARN_RANGE_LOOP_ANALYSIS = YES;
				CLANG_WARN_STRICT_PROTOTYPES = YES;
				CLANG_WARN_SUSPICIOUS_MOVE = YES;
				CLANG_WARN_UNGUARDED_AVAILABILITY = YES_AGGRESSIVE;
				CLANG_WARN_UNREACHABLE_CODE = YES;
				CLANG_WARN__DUPLICATE_METHOD_MATCH = YES;
				COPY_PHASE_STRIP = NO;
				DEBUG_INFORMATION_FORMAT = dwarf;
				ENABLE_STRICT_OBJC_MSGSEND = YES;
				ENABLE_TESTABILITY = YES;
				ENABLE_USER_SCRIPT_SANDBOXING = YES;
				GCC_C_LANGUAGE_STANDARD = gnu17;
				GCC_DYNAMIC_NO_PIC = NO;
				GCC_NO_COMMON_BLOCKS = YES;
				GCC_OPTIMIZATION_LEVEL = 0;
				GCC_PREPROCESSOR_DEFINITIONS = (
					"DEBUG=1",
					"$(inherited)",
				);
				GCC_WARN_64_TO_32_BIT_CONVERSION = YES;
				GCC_WARN_ABOUT_RETURN_TYPE = YES_ERROR;
				GCC_WARN_UNDECLARED_SELECTOR = YES;
				GCC_WARN_UNINITIALIZED_AUTOS = YES_AGGRESSIVE;
				GCC_WARN_UNUSED_FUNCTION = YES;
				GCC_WARN_UNUSED_VARIABLE = YES;
				IPHONEOS_DEPLOYMENT_TARGET = 18.0;
				LOCALIZATION_PREFERS_STRING_CATALOGS = YES;
				MTL_ENABLE_DEBUG_INFO = INCLUDE_SOURCE;
				MTL_FAST_MATH = YES;
				ONLY_ACTIVE_ARCH = YES;
				SDKROOT = iphoneos;
				SWIFT_ACTIVE_COMPILATION_CONDITIONS = "DEBUG $(inherited)";
				SWIFT_OPTIMIZATION_LEVEL = "-Onone";
			};
			name = Debug;
		};
		A1000000000000000000X002 /* Release */ = {
			isa = XCBuildConfiguration;
			buildSettings = {
				ALWAYS_SEARCH_USER_PATHS = NO;
				ASSETCATALOG_COMPILER_GENERATE_SWIFT_ASSET_SYMBOL_EXTENSIONS = YES;
				CLANG_ANALYZER_NONNULL = YES;
				CLANG_ANALYZER_NUMBER_OBJECT_CONVERSION = YES_AGGRESSIVE;
				CLANG_CXX_LANGUAGE_STANDARD = "gnu++20";
				CLANG_ENABLE_MODULES = YES;
				CLANG_ENABLE_OBJC_ARC = YES;
				CLANG_ENABLE_OBJC_WEAK = YES;
				CLANG_WARN_BLOCK_CAPTURE_AUTORELEASING = YES;
				CLANG_WARN_BOOL_CONVERSION = YES;
				CLANG_WARN_COMMA = YES;
				CLANG_WARN_CONSTANT_CONVERSION = YES;
				CLANG_WARN_DEPRECATED_OBJC_IMPLEMENTATIONS = YES;
				CLANG_WARN_DIRECT_OBJC_ISA_USAGE = YES_ERROR;
				CLANG_WARN_DOCUMENTATION_COMMENTS = YES;
				CLANG_WARN_EMPTY_BODY = YES;
				CLANG_WARN_ENUM_CONVERSION = YES;
				CLANG_WARN_INFINITE_RECURSION = YES;
				CLANG_WARN_INT_CONVERSION = YES;
				CLANG_WARN_NON_LITERAL_NULL_CONVERSION = YES;
				CLANG_WARN_OBJC_IMPLICIT_RETAIN_SELF = YES;
				CLANG_WARN_OBJC_LITERAL_CONVERSION = YES;
				CLANG_WARN_OBJC_ROOT_CLASS = YES_ERROR;
				CLANG_WARN_QUOTED_INCLUDE_IN_FRAMEWORK_HEADER = YES;
				CLANG_WARN_RANGE_LOOP_ANALYSIS = YES;
				CLANG_WARN_STRICT_PROTOTYPES = YES;
				CLANG_WARN_SUSPICIOUS_MOVE = YES;
				CLANG_WARN_UNGUARDED_AVAILABILITY = YES_AGGRESSIVE;
				CLANG_WARN_UNREACHABLE_CODE = YES;
				CLANG_WARN__DUPLICATE_METHOD_MATCH = YES;
				COPY_PHASE_STRIP = NO;
				DEBUG_INFORMATION_FORMAT = "dwarf-with-dsym";
				ENABLE_NS_ASSERTIONS = NO;
				ENABLE_STRICT_OBJC_MSGSEND = YES;
				ENABLE_USER_SCRIPT_SANDBOXING = YES;
				GCC_C_LANGUAGE_STANDARD = gnu17;
				GCC_NO_COMMON_BLOCKS = YES;
				GCC_WARN_64_TO_32_BIT_CONVERSION = YES;
				GCC_WARN_ABOUT_RETURN_TYPE = YES_ERROR;
				GCC_WARN_UNDECLARED_SELECTOR = YES;
				GCC_WARN_UNINITIALIZED_AUTOS = YES_AGGRESSIVE;
				GCC_WARN_UNUSED_FUNCTION = YES;
				GCC_WARN_UNUSED_VARIABLE = YES;
				IPHONEOS_DEPLOYMENT_TARGET = 18.0;
				LOCALIZATION_PREFERS_STRING_CATALOGS = YES;
				MTL_ENABLE_DEBUG_INFO = NO;
				MTL_FAST_MATH = YES;
				SDKROOT = iphoneos;
				SWIFT_COMPILATION_MODE = wholemodule;
				VALIDATE_PRODUCT = YES;
			};
			name = Release;
		};
		A1000000000000000000X003 /* Debug */ = {
			isa = XCBuildConfiguration;
			buildSettings = {
				ASSETCATALOG_COMPILER_APPICON_NAME = AppIcon;
				ASSETCATALOG_COMPILER_GLOBAL_ACCENT_COLOR_NAME = AccentColor;
				CODE_SIGN_STYLE = Automatic;
				CURRENT_PROJECT_VERSION = 1;
				DEVELOPMENT_ASSET_PATHS = "\"Shaft-iOS/Preview Content\"";
				DEVELOPMENT_TEAM = TW739Z29RC;
				ENABLE_PREVIEWS = YES;
				GENERATE_INFOPLIST_FILE = YES;
				INFOPLIST_KEY_NSPhotoLibraryAddUsageDescription = "Save illustrations to your photo library.";
				INFOPLIST_KEY_UIApplicationSceneManifest_Generation = YES;
				INFOPLIST_KEY_UIApplicationSupportsIndirectInputEvents = YES;
				INFOPLIST_FILE = "Shaft-iOS/Info.plist";
				INFOPLIST_KEY_UISupportedInterfaceOrientations_iPad = "UIInterfaceOrientationPortrait UIInterfaceOrientationPortraitUpsideDown UIInterfaceOrientationLandscapeLeft UIInterfaceOrientationLandscapeRight";
				INFOPLIST_KEY_UISupportedInterfaceOrientations_iPhone = "UIInterfaceOrientationPortrait UIInterfaceOrientationLandscapeLeft UIInterfaceOrientationLandscapeRight";
				LD_RUNPATH_SEARCH_PATHS = (
					"$(inherited)",
					"@executable_path/Frameworks",
				);
				MARKETING_VERSION = 1.0;
				PRODUCT_BUNDLE_IDENTIFIER = "com.shaft.ShaftiOS";
				PRODUCT_NAME = "$(TARGET_NAME)";
				SWIFT_EMIT_LOC_STRINGS = YES;
				SWIFT_VERSION = 5.0;
				TARGETED_DEVICE_FAMILY = "1,2";
			};
			name = Debug;
		};
		A1000000000000000000X004 /* Release */ = {
			isa = XCBuildConfiguration;
			buildSettings = {
				ASSETCATALOG_COMPILER_APPICON_NAME = AppIcon;
				ASSETCATALOG_COMPILER_GLOBAL_ACCENT_COLOR_NAME = AccentColor;
				CODE_SIGN_STYLE = Automatic;
				CURRENT_PROJECT_VERSION = 1;
				DEVELOPMENT_ASSET_PATHS = "\"Shaft-iOS/Preview Content\"";
				DEVELOPMENT_TEAM = TW739Z29RC;
				ENABLE_PREVIEWS = YES;
				GENERATE_INFOPLIST_FILE = YES;
				INFOPLIST_KEY_NSPhotoLibraryAddUsageDescription = "Save illustrations to your photo library.";
				INFOPLIST_KEY_UIApplicationSceneManifest_Generation = YES;
				INFOPLIST_KEY_UIApplicationSupportsIndirectInputEvents = YES;
				INFOPLIST_FILE = "Shaft-iOS/Info.plist";
				INFOPLIST_KEY_UISupportedInterfaceOrientations_iPad = "UIInterfaceOrientationPortrait UIInterfaceOrientationPortraitUpsideDown UIInterfaceOrientationLandscapeLeft UIInterfaceOrientationLandscapeRight";
				INFOPLIST_KEY_UISupportedInterfaceOrientations_iPhone = "UIInterfaceOrientationPortrait UIInterfaceOrientationLandscapeLeft UIInterfaceOrientationLandscapeRight";
				LD_RUNPATH_SEARCH_PATHS = (
					"$(inherited)",
					"@executable_path/Frameworks",
				);
				MARKETING_VERSION = 1.0;
				PRODUCT_BUNDLE_IDENTIFIER = "com.shaft.ShaftiOS";
				PRODUCT_NAME = "$(TARGET_NAME)";
				SWIFT_EMIT_LOC_STRINGS = YES;
				SWIFT_VERSION = 5.0;
				TARGETED_DEVICE_FAMILY = "1,2";
			};
			name = Release;
		};
/* End XCBuildConfiguration section */

/* Begin XCConfigurationList section */
		A1000000000000000000L001 /* Build configuration list for PBXProject "Shaft-iOS" */ = {
			isa = XCConfigurationList;
			buildConfigurations = (
				A1000000000000000000X001 /* Debug */,
				A1000000000000000000X002 /* Release */,
			);
			defaultConfigurationIsVisible = 0;
			defaultConfigurationName = Release;
		};
		A1000000000000000000L002 /* Build configuration list for PBXNativeTarget "Shaft-iOS" */ = {
			isa = XCConfigurationList;
			buildConfigurations = (
				A1000000000000000000X003 /* Debug */,
				A1000000000000000000X004 /* Release */,
			);
			defaultConfigurationIsVisible = 0;
			defaultConfigurationName = Release;
		};
/* End XCConfigurationList section */
	};
	rootObject = A1000000000000000000P001 /* Project object */;
}
